// !$*UTF8*$!
{
	archiveVersion = 1;
	classes = {
	};
	objectVersion = 46;
	objects = {

/* Begin PBXBuildFile section */
		CC13E6871D80AF8000C8656E /* analyze_coupled_layers_with_burger.cpp in Sources */ = {isa = PBXBuildFile; fileRef = CC13E6851D80AF8000C8656E /* analyze_coupled_layers_with_burger.cpp */; };
		CC5403E61D625D8D00C49D9F /* graphene_functions.cpp in Sources */ = {isa = PBXBuildFile; fileRef = CC5403E41D625D8D00C49D9F /* graphene_functions.cpp */; };
		CC5403E91D626FCE00C49D9F /* postprocessing.cpp in Sources */ = {isa = PBXBuildFile; fileRef = CC5403E71D626FCE00C49D9F /* postprocessing.cpp */; };
		CCCC9E2B1D78E0C8006290C9 /* analyze_coupled_layers.cpp in Sources */ = {isa = PBXBuildFile; fileRef = CCCC9E291D78E0C8006290C9 /* analyze_coupled_layers.cpp */; };
		CCEFC26F1D302A0D00DA224E /* graphene.cpp in Sources */ = {isa = PBXBuildFile; fileRef = CCEFC26E1D302A0D00DA224E /* graphene.cpp */; };
/* End PBXBuildFile section */

/* Begin PBXCopyFilesBuildPhase section */
		CCEFC2691D302A0D00DA224E /* CopyFiles */ = {
			isa = PBXCopyFilesBuildPhase;
			buildActionMask = 2147483647;
			dstPath = /usr/share/man/man1/;
			dstSubfolderSpec = 0;
			files = (
			);
			runOnlyForDeploymentPostprocessing = 1;
		};
/* End PBXCopyFilesBuildPhase section */

/* Begin PBXFileReference section */
		CC05F7771D579B2F0029E196 /* matrix.hpp */ = {isa = PBXFileReference; fileEncoding = 4; lastKnownFileType = sourcecode.cpp.h; name = matrix.hpp; path = graphenePFC/matrix.hpp; sourceTree = "<group>"; };
		CC13E6851D80AF8000C8656E /* analyze_coupled_layers_with_burger.cpp */ = {isa = PBXFileReference; fileEncoding = 4; lastKnownFileType = sourcecode.cpp.cpp; path = analyze_coupled_layers_with_burger.cpp; sourceTree = "<group>"; };
		CC13E6861D80AF8000C8656E /* analyze_coupled_layers_with_burger.hpp */ = {isa = PBXFileReference; fileEncoding = 4; lastKnownFileType = sourcecode.cpp.h; path = analyze_coupled_layers_with_burger.hpp; sourceTree = "<group>"; };
		CC5403E41D625D8D00C49D9F /* graphene_functions.cpp */ = {isa = PBXFileReference; fileEncoding = 4; lastKnownFileType = sourcecode.cpp.cpp; path = graphene_functions.cpp; sourceTree = "<group>"; };
		CC5403E51D625D8D00C49D9F /* graphene_functions.hpp */ = {isa = PBXFileReference; fileEncoding = 4; lastKnownFileType = sourcecode.cpp.h; path = graphene_functions.hpp; sourceTree = "<group>"; };
		CC5403E71D626FCE00C49D9F /* postprocessing.cpp */ = {isa = PBXFileReference; fileEncoding = 4; lastKnownFileType = sourcecode.cpp.cpp; path = postprocessing.cpp; sourceTree = "<group>"; };
		CC5403E81D626FCE00C49D9F /* postprocessing.hpp */ = {isa = PBXFileReference; fileEncoding = 4; lastKnownFileType = sourcecode.cpp.h; path = postprocessing.hpp; sourceTree = "<group>"; };
		CC5403EF1D66709D00C49D9F /* matrix_types.hpp */ = {isa = PBXFileReference; fileEncoding = 4; lastKnownFileType = sourcecode.cpp.h; path = matrix_types.hpp; sourceTree = "<group>"; };
		CCCC9E291D78E0C8006290C9 /* analyze_coupled_layers.cpp */ = {isa = PBXFileReference; fileEncoding = 4; lastKnownFileType = sourcecode.cpp.cpp; path = analyze_coupled_layers.cpp; sourceTree = "<group>"; };
		CCCC9E2A1D78E0C8006290C9 /* analyze_coupled_layers.hpp */ = {isa = PBXFileReference; fileEncoding = 4; lastKnownFileType = sourcecode.cpp.h; path = analyze_coupled_layers.hpp; sourceTree = "<group>"; };
		CCEFC26B1D302A0D00DA224E /* graphenePFC */ = {isa = PBXFileReference; explicitFileType = "compiled.mach-o.executable"; includeInIndex = 0; path = graphenePFC; sourceTree = BUILT_PRODUCTS_DIR; };
		CCEFC26E1D302A0D00DA224E /* graphene.cpp */ = {isa = PBXFileReference; lastKnownFileType = sourcecode.cpp.cpp; path = graphene.cpp; sourceTree = "<group>"; };
/* End PBXFileReference section */

/* Begin PBXFrameworksBuildPhase section */
		CCEFC2681D302A0D00DA224E /* Frameworks */ = {
			isa = PBXFrameworksBuildPhase;
			buildActionMask = 2147483647;
			files = (
			);
			runOnlyForDeploymentPostprocessing = 0;
		};
/* End PBXFrameworksBuildPhase section */

/* Begin PBXGroup section */
		CCEFC2621D302A0D00DA224E = {
			isa = PBXGroup;
			children = (
				CC05F7771D579B2F0029E196 /* matrix.hpp */,
				CCEFC26D1D302A0D00DA224E /* graphenePFC */,
				CCEFC26C1D302A0D00DA224E /* Products */,
			);
			sourceTree = "<group>";
		};
		CCEFC26C1D302A0D00DA224E /* Products */ = {
			isa = PBXGroup;
			children = (
				CCEFC26B1D302A0D00DA224E /* graphenePFC */,
			);
			name = Products;
			sourceTree = "<group>";
		};
		CCEFC26D1D302A0D00DA224E /* graphenePFC */ = {
			isa = PBXGroup;
			children = (
				CCEFC26E1D302A0D00DA224E /* graphene.cpp */,
				CC5403EF1D66709D00C49D9F /* matrix_types.hpp */,
				CC5403E71D626FCE00C49D9F /* postprocessing.cpp */,
				CC5403E81D626FCE00C49D9F /* postprocessing.hpp */,
				CCCC9E291D78E0C8006290C9 /* analyze_coupled_layers.cpp */,
				CCCC9E2A1D78E0C8006290C9 /* analyze_coupled_layers.hpp */,
				CC13E6851D80AF8000C8656E /* analyze_coupled_layers_with_burger.cpp */,
				CC13E6861D80AF8000C8656E /* analyze_coupled_layers_with_burger.hpp */,
				CC5403E41D625D8D00C49D9F /* graphene_functions.cpp */,
				CC5403E51D625D8D00C49D9F /* graphene_functions.hpp */,
			);
			path = graphenePFC;
			sourceTree = "<group>";
		};
/* End PBXGroup section */

/* Begin PBXNativeTarget section */
		CCEFC26A1D302A0D00DA224E /* graphenePFC */ = {
			isa = PBXNativeTarget;
			buildConfigurationList = CCEFC2721D302A0D00DA224E /* Build configuration list for PBXNativeTarget "graphenePFC" */;
			buildPhases = (
				CCEFC2671D302A0D00DA224E /* Sources */,
				CCEFC2681D302A0D00DA224E /* Frameworks */,
				CCEFC2691D302A0D00DA224E /* CopyFiles */,
			);
			buildRules = (
			);
			dependencies = (
			);
			name = graphenePFC;
			productName = graphenePFC;
			productReference = CCEFC26B1D302A0D00DA224E /* graphenePFC */;
			productType = "com.apple.product-type.tool";
		};
/* End PBXNativeTarget section */

/* Begin PBXProject section */
		CCEFC2631D302A0D00DA224E /* Project object */ = {
			isa = PBXProject;
			attributes = {
				KnownAssetTags = (
					New,
				);
				LastUpgradeCheck = 0730;
				ORGANIZATIONNAME = "Rachel Zucker";
				TargetAttributes = {
					CCEFC26A1D302A0D00DA224E = {
						CreatedOnToolsVersion = 7.3.1;
					};
				};
			};
			buildConfigurationList = CCEFC2661D302A0D00DA224E /* Build configuration list for PBXProject "graphenePFC" */;
			compatibilityVersion = "Xcode 3.2";
			developmentRegion = English;
			hasScannedForEncodings = 0;
			knownRegions = (
				en,
			);
			mainGroup = CCEFC2621D302A0D00DA224E;
			productRefGroup = CCEFC26C1D302A0D00DA224E /* Products */;
			projectDirPath = "";
			projectRoot = "";
			targets = (
				CCEFC26A1D302A0D00DA224E /* graphenePFC */,
			);
		};
/* End PBXProject section */

/* Begin PBXSourcesBuildPhase section */
		CCEFC2671D302A0D00DA224E /* Sources */ = {
			isa = PBXSourcesBuildPhase;
			buildActionMask = 2147483647;
			files = (
				CC5403E61D625D8D00C49D9F /* graphene_functions.cpp in Sources */,
				CCCC9E2B1D78E0C8006290C9 /* analyze_coupled_layers.cpp in Sources */,
				CC13E6871D80AF8000C8656E /* analyze_coupled_layers_with_burger.cpp in Sources */,
				CC5403E91D626FCE00C49D9F /* postprocessing.cpp in Sources */,
				CCEFC26F1D302A0D00DA224E /* graphene.cpp in Sources */,
			);
			runOnlyForDeploymentPostprocessing = 0;
		};
/* End PBXSourcesBuildPhase section */

/* Begin XCBuildConfiguration section */
		CCEFC2701D302A0D00DA224E /* Debug */ = {
			isa = XCBuildConfiguration;
			buildSettings = {
				ALWAYS_SEARCH_USER_PATHS = NO;
				CLANG_ANALYZER_NONNULL = YES;
				CLANG_CXX_LANGUAGE_STANDARD = "gnu++0x";
				CLANG_CXX_LIBRARY = "libc++";
				CLANG_ENABLE_MODULES = YES;
				CLANG_ENABLE_OBJC_ARC = YES;
				CLANG_WARN_BOOL_CONVERSION = YES;
				CLANG_WARN_CONSTANT_CONVERSION = YES;
				CLANG_WARN_DIRECT_OBJC_ISA_USAGE = YES_ERROR;
				CLANG_WARN_EMPTY_BODY = YES;
				CLANG_WARN_ENUM_CONVERSION = YES;
				CLANG_WARN_INT_CONVERSION = YES;
				CLANG_WARN_OBJC_ROOT_CLASS = YES_ERROR;
				CLANG_WARN_UNREACHABLE_CODE = YES;
				CLANG_WARN__DUPLICATE_METHOD_MATCH = YES;
				CODE_SIGN_IDENTITY = "-";
				COPY_PHASE_STRIP = NO;
				DEBUG_INFORMATION_FORMAT = dwarf;
				ENABLE_STRICT_OBJC_MSGSEND = YES;
				ENABLE_TESTABILITY = YES;
				GCC_C_LANGUAGE_STANDARD = gnu99;
				GCC_DYNAMIC_NO_PIC = NO;
				GCC_NO_COMMON_BLOCKS = YES;
				GCC_OPTIMIZATION_LEVEL = 0;
				GCC_PREPROCESSOR_DEFINITIONS = (
					"DEBUG=1",
					"$(inherited)",
				);
				GCC_WARN_64_TO_32_BIT_CONVERSION = YES;
				GCC_WARN_ABOUT_RETURN_TYPE = YES_ERROR;
				GCC_WARN_UNDECLARED_SELECTOR = YES;
				GCC_WARN_UNINITIALIZED_AUTOS = YES_AGGRESSIVE;
				GCC_WARN_UNUSED_FUNCTION = YES;
				GCC_WARN_UNUSED_VARIABLE = YES;
				MACOSX_DEPLOYMENT_TARGET = 10.11;
				MTL_ENABLE_DEBUG_INFO = YES;
				ONLY_ACTIVE_ARCH = YES;
				SDKROOT = macosx;
			};
			name = Debug;
		};
		CCEFC2711D302A0D00DA224E /* Release */ = {
			isa = XCBuildConfiguration;
			buildSettings = {
				ALWAYS_SEARCH_USER_PATHS = NO;
				CLANG_ANALYZER_NONNULL = YES;
				CLANG_CXX_LANGUAGE_STANDARD = "gnu++0x";
				CLANG_CXX_LIBRARY = "libc++";
				CLANG_ENABLE_MODULES = YES;
				CLANG_ENABLE_OBJC_ARC = YES;
				CLANG_WARN_BOOL_CONVERSION = YES;
				CLANG_WARN_CONSTANT_CONVERSION = YES;
				CLANG_WARN_DIRECT_OBJC_ISA_USAGE = YES_ERROR;
				CLANG_WARN_EMPTY_BODY = YES;
				CLANG_WARN_ENUM_CONVERSION = YES;
				CLANG_WARN_INT_CONVERSION = YES;
				CLANG_WARN_OBJC_ROOT_CLASS = YES_ERROR;
				CLANG_WARN_UNREACHABLE_CODE = YES;
				CLANG_WARN__DUPLICATE_METHOD_MATCH = YES;
				CODE_SIGN_IDENTITY = "-";
				COPY_PHASE_STRIP = NO;
				DEBUG_INFORMATION_FORMAT = "dwarf-with-dsym";
				ENABLE_NS_ASSERTIONS = NO;
				ENABLE_STRICT_OBJC_MSGSEND = YES;
				GCC_C_LANGUAGE_STANDARD = gnu99;
				GCC_NO_COMMON_BLOCKS = YES;
				GCC_WARN_64_TO_32_BIT_CONVERSION = YES;
				GCC_WARN_ABOUT_RETURN_TYPE = YES_ERROR;
				GCC_WARN_UNDECLARED_SELECTOR = YES;
				GCC_WARN_UNINITIALIZED_AUTOS = YES_AGGRESSIVE;
				GCC_WARN_UNUSED_FUNCTION = YES;
				GCC_WARN_UNUSED_VARIABLE = YES;
				MACOSX_DEPLOYMENT_TARGET = 10.11;
				MTL_ENABLE_DEBUG_INFO = NO;
				SDKROOT = macosx;
			};
			name = Release;
		};
		CCEFC2731D302A0D00DA224E /* Debug */ = {
			isa = XCBuildConfiguration;
			buildSettings = {
				"HEADER_SEARCH_PATHS[arch=*]" = /usr/local/include/;
				"LIBRARY_SEARCH_PATHS[arch=*]" = /usr/local/lib/;
				"OTHER_LDFLAGS[arch=*]" = (
					"-lboost_system",
					"-lfftw3",
					"-lm",
				);
				PRODUCT_NAME = "$(TARGET_NAME)";
			};
			name = Debug;
		};
		CCEFC2741D302A0D00DA224E /* Release */ = {
			isa = XCBuildConfiguration;
			buildSettings = {
				"HEADER_SEARCH_PATHS[arch=*]" = /usr/local/include/;
				"LIBRARY_SEARCH_PATHS[arch=*]" = /usr/local/lib/;
				"OTHER_LDFLAGS[arch=*]" = (
					"-lboost_system",
					"-lfftw3",
					"-lm",
				);
				PRODUCT_NAME = "$(TARGET_NAME)";
			};
			name = Release;
		};
/* End XCBuildConfiguration section */

/* Begin XCConfigurationList section */
		CCEFC2661D302A0D00DA224E /* Build configuration list for PBXProject "graphenePFC" */ = {
			isa = XCConfigurationList;
			buildConfigurations = (
				CCEFC2701D302A0D00DA224E /* Debug */,
				CCEFC2711D302A0D00DA224E /* Release */,
			);
			defaultConfigurationIsVisible = 0;
			defaultConfigurationName = Release;
		};
		CCEFC2721D302A0D00DA224E /* Build configuration list for PBXNativeTarget "graphenePFC" */ = {
			isa = XCConfigurationList;
			buildConfigurations = (
				CCEFC2731D302A0D00DA224E /* Debug */,
				CCEFC2741D302A0D00DA224E /* Release */,
			);
			defaultConfigurationIsVisible = 0;
			defaultConfigurationName = Release;
		};
/* End XCConfigurationList section */
	};
	rootObject = CCEFC2631D302A0D00DA224E /* Project object */;
}
